// !$*UTF8*$!
{
	archiveVersion = 1;
	classes = {
	};
	objectVersion = 56;
	objects = {

/* Begin PBXBuildFile section */
		AA000001 /* CardCueApp.swift in Sources */ = {isa = PBXBuildFile; fileRef = AA100001 /* CardCueApp.swift */; };
		AA000002 /* ContentView.swift in Sources */ = {isa = PBXBuildFile; fileRef = AA100002 /* ContentView.swift */; };
		AA000003 /* MyCardsView.swift in Sources */ = {isa = PBXBuildFile; fileRef = AA100003 /* MyCardsView.swift */; };
		AA000004 /* QuickReferenceView.swift in Sources */ = {isa = PBXBuildFile; fileRef = AA100004 /* QuickReferenceView.swift */; };
		AA000005 /* CardRowView.swift in Sources */ = {isa = PBXBuildFile; fileRef = AA100005 /* CardRowView.swift */; };
		AA000006 /* CardEditView.swift in Sources */ = {isa = PBXBuildFile; fileRef = AA100006 /* CardEditView.swift */; };
		AA000007 /* AboutView.swift in Sources */ = {isa = PBXBuildFile; fileRef = AA100007 /* AboutView.swift */; };
		AA000008 /* PrivacyView.swift in Sources */ = {isa = PBXBuildFile; fileRef = AA100008 /* PrivacyView.swift */; };
		AA000009 /* UserCard.swift in Sources */ = {isa = PBXBuildFile; fileRef = AA100009 /* UserCard.swift */; };
		AA000010 /* RewardRule.swift in Sources */ = {isa = PBXBuildFile; fileRef = AA100010 /* RewardRule.swift */; };
		AA000011 /* QuarterlyCategory.swift in Sources */ = {isa = PBXBuildFile; fileRef = AA100011 /* QuarterlyCategory.swift */; };
		AA000012 /* CardStore.swift in Sources */ = {isa = PBXBuildFile; fileRef = AA100012 /* CardStore.swift */; };
		AA000013 /* RewardStore.swift in Sources */ = {isa = PBXBuildFile; fileRef = AA100013 /* RewardStore.swift */; };
		AA000014 /* KnownCards.swift in Sources */ = {isa = PBXBuildFile; fileRef = AA100014 /* KnownCards.swift */; };
		AA000015 /* AppIconPreview.swift in Sources */ = {isa = PBXBuildFile; fileRef = AA100015 /* AppIconPreview.swift */; };
		AA000016 /* CategoryOrderStore.swift in Sources */ = {isa = PBXBuildFile; fileRef = AA100016 /* CategoryOrderStore.swift */; };
		AA000020 /* Assets.xcassets in Resources */ = {isa = PBXBuildFile; fileRef = AA100020 /* Assets.xcassets */; };
		AA000021 /* reward_rules.json in Resources */ = {isa = PBXBuildFile; fileRef = AA100021 /* reward_rules.json */; };
		AA000022 /* quarterly_categories.json in Resources */ = {isa = PBXBuildFile; fileRef = AA100022 /* quarterly_categories.json */; };
/* End PBXBuildFile section */

/* Begin PBXFileReference section */
		AA100001 /* CardCueApp.swift */ = {isa = PBXFileReference; lastKnownFileType = sourcecode.swift; path = CardCueApp.swift; sourceTree = "<group>"; };
		AA100002 /* ContentView.swift */ = {isa = PBXFileReference; lastKnownFileType = sourcecode.swift; path = ContentView.swift; sourceTree = "<group>"; };
		AA100003 /* MyCardsView.swift */ = {isa = PBXFileReference; lastKnownFileType = sourcecode.swift; path = MyCardsView.swift; sourceTree = "<group>"; };
		AA100004 /* QuickReferenceView.swift */ = {isa = PBXFileReference; lastKnownFileType = sourcecode.swift; path = QuickReferenceView.swift; sourceTree = "<group>"; };
		AA100005 /* CardRowView.swift */ = {isa = PBXFileReference; lastKnownFileType = sourcecode.swift; path = CardRowView.swift; sourceTree = "<group>"; };
		AA100006 /* CardEditView.swift */ = {isa = PBXFileReference; lastKnownFileType = sourcecode.swift; path = CardEditView.swift; sourceTree = "<group>"; };
		AA100007 /* AboutView.swift */ = {isa = PBXFileReference; lastKnownFileType = sourcecode.swift; path = AboutView.swift; sourceTree = "<group>"; };
		AA100008 /* PrivacyView.swift */ = {isa = PBXFileReference; lastKnownFileType = sourcecode.swift; path = PrivacyView.swift; sourceTree = "<group>"; };
		AA100009 /* UserCard.swift */ = {isa = PBXFileReference; lastKnownFileType = sourcecode.swift; path = UserCard.swift; sourceTree = "<group>"; };
		AA100010 /* RewardRule.swift */ = {isa = PBXFileReference; lastKnownFileType = sourcecode.swift; path = RewardRule.swift; sourceTree = "<group>"; };
		AA100011 /* QuarterlyCategory.swift */ = {isa = PBXFileReference; lastKnownFileType = sourcecode.swift; path = QuarterlyCategory.swift; sourceTree = "<group>"; };
		AA100012 /* CardStore.swift */ = {isa = PBXFileReference; lastKnownFileType = sourcecode.swift; path = CardStore.swift; sourceTree = "<group>"; };
		AA100013 /* RewardStore.swift */ = {isa = PBXFileReference; lastKnownFileType = sourcecode.swift; path = RewardStore.swift; sourceTree = "<group>"; };
		AA100014 /* KnownCards.swift */ = {isa = PBXFileReference; lastKnownFileType = sourcecode.swift; path = KnownCards.swift; sourceTree = "<group>"; };
		AA100015 /* AppIconPreview.swift */ = {isa = PBXFileReference; lastKnownFileType = sourcecode.swift; path = AppIconPreview.swift; sourceTree = "<group>"; };
		AA100016 /* CategoryOrderStore.swift */ = {isa = PBXFileReference; lastKnownFileType = sourcecode.swift; path = CategoryOrderStore.swift; sourceTree = "<group>"; };
		AA100020 /* Assets.xcassets */ = {isa = PBXFileReference; lastKnownFileType = folder.assetcatalog; path = Assets.xcassets; sourceTree = "<group>"; };
		AA100021 /* reward_rules.json */ = {isa = PBXFileReference; lastKnownFileType = text.json; path = reward_rules.json; sourceTree = "<group>"; };
		AA100022 /* quarterly_categories.json */ = {isa = PBXFileReference; lastKnownFileType = text.json; path = quarterly_categories.json; sourceTree = "<group>"; };
		AA200001 /* CardCue.app */ = {isa = PBXFileReference; explicitFileType = wrapper.application; includeInIndex = 0; path = CardCue.app; sourceTree = BUILT_PRODUCTS_DIR; };
/* End PBXFileReference section */

/* Begin PBXFrameworksBuildPhase section */
		AA300001 /* Frameworks */ = {
			isa = PBXFrameworksBuildPhase;
			buildActionMask = 2147483647;
			files = (
			);
			runOnlyForDeploymentPostprocessing = 0;
		};
/* End PBXFrameworksBuildPhase section */

/* Begin PBXGroup section */
		AA400000 /* CardMap */ = {
			isa = PBXGroup;
			children = (
				AA400001 /* CardMap */,
				AA400010 /* Products */,
			);
			sourceTree = "<group>";
		};
		AA400001 /* CardMap */ = {
			isa = PBXGroup;
			children = (
				AA100001 /* CardCueApp.swift */,
				AA400002 /* Sources */,
				AA400005 /* Resources */,
			);
			path = CardCue;
			sourceTree = "<group>";
		};
		AA400002 /* Sources */ = {
			isa = PBXGroup;
			children = (
				AA400003 /* Models */,
				AA400004 /* Views */,
			);
			path = Sources;
			sourceTree = "<group>";
		};
		AA400003 /* Models */ = {
			isa = PBXGroup;
			children = (
				AA100009 /* UserCard.swift */,
				AA100010 /* RewardRule.swift */,
				AA100011 /* QuarterlyCategory.swift */,
				AA100012 /* CardStore.swift */,
				AA100013 /* RewardStore.swift */,
				AA100014 /* KnownCards.swift */,
				AA100016 /* CategoryOrderStore.swift */,
			);
			path = Models;
			sourceTree = "<group>";
		};
		AA400004 /* Views */ = {
			isa = PBXGroup;
			children = (
				AA100002 /* ContentView.swift */,
				AA100003 /* MyCardsView.swift */,
				AA100004 /* QuickReferenceView.swift */,
				AA100005 /* CardRowView.swift */,
				AA100006 /* CardEditView.swift */,
				AA100007 /* AboutView.swift */,
				AA100008 /* PrivacyView.swift */,
				AA100015 /* AppIconPreview.swift */,
			);
			path = Views;
			sourceTree = "<group>";
		};
		AA400005 /* Resources */ = {
			isa = PBXGroup;
			children = (
				AA100020 /* Assets.xcassets */,
				AA100021 /* reward_rules.json */,
				AA100022 /* quarterly_categories.json */,
			);
			path = Resources;
			sourceTree = "<group>";
		};
		AA400010 /* Products */ = {
			isa = PBXGroup;
			children = (
				AA200001 /* CardCue.app */,
			);
			name = Products;
			sourceTree = "<group>";
		};
/* End PBXGroup section */

/* Begin PBXNativeTarget section */
		AA500001 /* CardMap */ = {
			isa = PBXNativeTarget;
			buildConfigurationList = AA700001 /* Build configuration list for PBXNativeTarget "CardMap" */;
			buildPhases = (
				AA600001 /* Sources */,
				AA300001 /* Frameworks */,
				AA600002 /* Resources */,
			);
			buildRules = (
			);
			dependencies = (
			);
			name = CardCue;
			productName = CardCue;
			productReference = AA200001 /* CardCue.app */;
			productType = "com.apple.product-type.application";
		};
/* End PBXNativeTarget section */

/* Begin PBXProject section */
		AA500000 /* Project object */ = {
			isa = PBXProject;
			attributes = {
				BuildIndependentTargetsInParallel = 1;
				LastSwiftUpdateCheck = 1500;
				LastUpgradeCheck = 1500;
				TargetAttributes = {
					AA500001 = {
						CreatedOnToolsVersion = 15.0;
					};
				};
			};
			buildConfigurationList = AA700000 /* Build configuration list for PBXProject "CardMap" */;
			compatibilityVersion = "Xcode 14.0";
			developmentRegion = en;
			hasScannedForEncodings = 0;
			knownRegions = (
				en,
				Base,
			);
			mainGroup = AA400000 /* CardMap */;
			productRefGroup = AA400010 /* Products */;
			projectDirPath = "";
			projectRoot = "";
			targets = (
				AA500001 /* CardMap */,
			);
		};
/* End PBXProject section */

/* Begin PBXResourcesBuildPhase section */
		AA600002 /* Resources */ = {
			isa = PBXResourcesBuildPhase;
			buildActionMask = 2147483647;
			files = (
				AA000020 /* Assets.xcassets in Resources */,
				AA000021 /* reward_rules.json in Resources */,
				AA000022 /* quarterly_categories.json in Resources */,
			);
			runOnlyForDeploymentPostprocessing = 0;
		};
/* End PBXResourcesBuildPhase section */

/* Begin PBXSourcesBuildPhase section */
		AA600001 /* Sources */ = {
			isa = PBXSourcesBuildPhase;
			buildActionMask = 2147483647;
			files = (
				AA000001 /* CardCueApp.swift in Sources */,
				AA000002 /* ContentView.swift in Sources */,
				AA000003 /* MyCardsView.swift in Sources */,
				AA000004 /* QuickReferenceView.swift in Sources */,
				AA000005 /* CardRowView.swift in Sources */,
				AA000006 /* CardEditView.swift in Sources */,
				AA000007 /* AboutView.swift in Sources */,
				AA000008 /* PrivacyView.swift in Sources */,
				AA000009 /* UserCard.swift in Sources */,
				AA000010 /* RewardRule.swift in Sources */,
				AA000011 /* QuarterlyCategory.swift in Sources */,
				AA000012 /* CardStore.swift in Sources */,
				AA000013 /* RewardStore.swift in Sources */,
				AA000014 /* KnownCards.swift in Sources */,
				AA000015 /* AppIconPreview.swift in Sources */,
				AA000016 /* CategoryOrderStore.swift in Sources */,
			);
			runOnlyForDeploymentPostprocessing = 0;
		};
/* End PBXSourcesBuildPhase section */

/* Begin XCBuildConfiguration section */
		AA800001 /* Debug */ = {
			isa = XCBuildConfiguration;
			buildSettings = {
				ALWAYS_SEARCH_USER_PATHS = NO;
				ASSETCATALOG_COMPILER_GENERATE_SWIFT_ASSET_SYMBOL_EXTENSIONS = YES;
				CLANG_ANALYZER_NONNULL = YES;
				CLANG_ANALYZER_NUMBER_OBJECT_CONVERSION = YES_AGGRESSIVE;
				CLANG_CXX_LANGUAGE_STANDARD = "gnu++20";
				CLANG_ENABLE_MODULES = YES;
				CLANG_ENABLE_OBJC_ARC = YES;
				CLANG_ENABLE_OBJC_WEAK = YES;
				CLANG_WARN_BLOCK_CAPTURE_AUTORELEASING = YES;
				CLANG_WARN_BOOL_CONVERSION = YES;
				CLANG_WARN_COMMA = YES;
				CLANG_WARN_CONSTANT_CONVERSION = YES;
				CLANG_WARN_DEPRECATED_OBJC_IMPLEMENTATIONS = YES;
				CLANG_WARN_DIRECT_OBJC_ISA_USAGE = YES_ERROR;
				CLANG_WARN_DOCUMENTATION_COMMENTS = YES;
				CLANG_WARN_EMPTY_BODY = YES;
				CLANG_WARN_ENUM_CONVERSION = YES;
				CLANG_WARN_INFINITE_RECURSION = YES;
				CLANG_WARN_INT_CONVERSION = YES;
				CLANG_WARN_NON_LITERAL_NULL_CONVERSION = YES;
				CLANG_WARN_OBJC_IMPLICIT_RETAIN_SELF = YES;
				CLANG_WARN_OBJC_LITERAL_CONVERSION = YES;
				CLANG_WARN_OBJC_ROOT_CLASS = YES_ERROR;
				CLANG_WARN_QUOTED_INCLUDE_IN_FRAMEWORK_HEADER = YES;
				CLANG_WARN_RANGE_LOOP_ANALYSIS = YES;
				CLANG_WARN_STRICT_PROTOTYPES = YES;
				CLANG_WARN_SUSPICIOUS_MOVE = YES;
				CLANG_WARN_UNGUARDED_AVAILABILITY = YES_AGGRESSIVE;
				CLANG_WARN_UNREACHABLE_CODE = YES;
				CLANG_WARN__DUPLICATE_METHOD_MATCH = YES;
				COPY_PHASE_STRIP = NO;
				DEBUG_INFORMATION_FORMAT = dwarf;
				ENABLE_STRICT_OBJC_MSGSEND = YES;
				ENABLE_TESTABILITY = YES;
				ENABLE_USER_SCRIPT_SANDBOXING = YES;
				GCC_C_LANGUAGE_STANDARD = gnu17;
				GCC_DYNAMIC_NO_PIC = NO;
				GCC_NO_COMMON_BLOCKS = YES;
				GCC_OPTIMIZATION_LEVEL = 0;
				GCC_PREPROCESSOR_DEFINITIONS = (
					"DEBUG=1",
					"$(inherited)",
				);
				GCC_WARN_64_TO_32_BIT_CONVERSION = YES;
				GCC_WARN_ABOUT_RETURN_TYPE = YES_ERROR;
				GCC_WARN_UNDECLARED_SELECTOR = YES;
				GCC_WARN_UNINITIALIZED_AUTOS = YES_AGGRESSIVE;
				GCC_WARN_UNUSED_FUNCTION = YES;
				GCC_WARN_UNUSED_VARIABLE = YES;
				IPHONEOS_DEPLOYMENT_TARGET = 17.0;
				MTL_ENABLE_DEBUG_INFO = INCLUDE_SOURCE;
				MTL_FAST_MATH = YES;
				ONLY_ACTIVE_ARCH = YES;
				SDKROOT = iphoneos;
				SWIFT_ACTIVE_COMPILATION_CONDITIONS = "DEBUG $(inherited)";
				SWIFT_OPTIMIZATION_LEVEL = "-Onone";
			};
			name = Debug;
		};
		AA800002 /* Release */ = {
			isa = XCBuildConfiguration;
			buildSettings = {
				ALWAYS_SEARCH_USER_PATHS = NO;
				ASSETCATALOG_COMPILER_GENERATE_SWIFT_ASSET_SYMBOL_EXTENSIONS = YES;
				CLANG_ANALYZER_NONNULL = YES;
				CLANG_ANALYZER_NUMBER_OBJECT_CONVERSION = YES_AGGRESSIVE;
				CLANG_CXX_LANGUAGE_STANDARD = "gnu++20";
				CLANG_ENABLE_MODULES = YES;
				CLANG_ENABLE_OBJC_ARC = YES;
				CLANG_ENABLE_OBJC_WEAK = YES;
				CLANG_WARN_BLOCK_CAPTURE_AUTORELEASING = YES;
				CLANG_WARN_BOOL_CONVERSION = YES;
				CLANG_WARN_COMMA = YES;
				CLANG_WARN_CONSTANT_CONVERSION = YES;
				CLANG_WARN_DEPRECATED_OBJC_IMPLEMENTATIONS = YES;
				CLANG_WARN_DIRECT_OBJC_ISA_USAGE = YES_ERROR;
				CLANG_WARN_DOCUMENTATION_COMMENTS = YES;
				CLANG_WARN_EMPTY_BODY = YES;
				CLANG_WARN_ENUM_CONVERSION = YES;
				CLANG_WARN_INFINITE_RECURSION = YES;
				CLANG_WARN_INT_CONVERSION = YES;
				CLANG_WARN_NON_LITERAL_NULL_CONVERSION = YES;
				CLANG_WARN_OBJC_IMPLICIT_RETAIN_SELF = YES;
				CLANG_WARN_OBJC_LITERAL_CONVERSION = YES;
				CLANG_WARN_OBJC_ROOT_CLASS = YES_ERROR;
				CLANG_WARN_QUOTED_INCLUDE_IN_FRAMEWORK_HEADER = YES;
				CLANG_WARN_RANGE_LOOP_ANALYSIS = YES;
				CLANG_WARN_STRICT_PROTOTYPES = YES;
				CLANG_WARN_SUSPICIOUS_MOVE = YES;
				CLANG_WARN_UNGUARDED_AVAILABILITY = YES_AGGRESSIVE;
				CLANG_WARN_UNREACHABLE_CODE = YES;
				CLANG_WARN__DUPLICATE_METHOD_MATCH = YES;
				COPY_PHASE_STRIP = NO;
				DEBUG_INFORMATION_FORMAT = "dwarf-with-dsym";
				ENABLE_NS_ASSERTIONS = NO;
				ENABLE_STRICT_OBJC_MSGSEND = YES;
				ENABLE_USER_SCRIPT_SANDBOXING = YES;
				GCC_C_LANGUAGE_STANDARD = gnu17;
				GCC_NO_COMMON_BLOCKS = YES;
				GCC_WARN_64_TO_32_BIT_CONVERSION = YES;
				GCC_WARN_ABOUT_RETURN_TYPE = YES_ERROR;
				GCC_WARN_UNDECLARED_SELECTOR = YES;
				GCC_WARN_UNINITIALIZED_AUTOS = YES_AGGRESSIVE;
				GCC_WARN_UNUSED_FUNCTION = YES;
				GCC_WARN_UNUSED_VARIABLE = YES;
				IPHONEOS_DEPLOYMENT_TARGET = 17.0;
				MTL_FAST_MATH = YES;
				SDKROOT = iphoneos;
				SWIFT_COMPILATION_MODE = wholemodule;
				SWIFT_OPTIMIZATION_LEVEL = "-O";
				VALIDATE_PRODUCT = YES;
			};
			name = Release;
		};
		AA800003 /* Debug */ = {
			isa = XCBuildConfiguration;
			buildSettings = {
				ASSETCATALOG_COMPILER_APPICON_NAME = AppIcon;
				ASSETCATALOG_COMPILER_GLOBAL_ACCENT_COLOR_NAME = AccentColor;
				CODE_SIGN_STYLE = Automatic;
				CURRENT_PROJECT_VERSION = 1;
				DEVELOPMENT_ASSET_PATHS = "";
				ENABLE_PREVIEWS = YES;
				GENERATE_INFOPLIST_FILE = YES;
				INFOPLIST_KEY_UIApplicationSceneManifest_Generation = YES;
				INFOPLIST_KEY_UIApplicationSupportsIndirectInputEvents = YES;
				INFOPLIST_KEY_UILaunchScreen_Generation = YES;
				INFOPLIST_KEY_UISupportedInterfaceOrientations_iPhone = "UIInterfaceOrientationPortrait UIInterfaceOrientationLandscapeLeft UIInterfaceOrientationLandscapeRight";
				INFOPLIST_KEY_UIUserInterfaceStyle = Automatic;
				LD_RUNPATH_SEARCH_PATHS = (
					"$(inherited)",
					"@executable_path/Frameworks",
				);
				MARKETING_VERSION = 1.0;
				PRODUCT_BUNDLE_IDENTIFIER = com.cardcue.app;
				PRODUCT_NAME = "$(TARGET_NAME)";
				SWIFT_EMIT_LOC_STRINGS = YES;
				SWIFT_VERSION = 5.9;
				TARGETED_DEVICE_FAMILY = 1;
			};
			name = Debug;
		};
		AA800004 /* Release */ = {
			isa = XCBuildConfiguration;
			buildSettings = {
				ASSETCATALOG_COMPILER_APPICON_NAME = AppIcon;
				ASSETCATALOG_COMPILER_GLOBAL_ACCENT_COLOR_NAME = AccentColor;
				CODE_SIGN_STYLE = Automatic;
				CURRENT_PROJECT_VERSION = 1;
				DEVELOPMENT_ASSET_PATHS = "";
				ENABLE_PREVIEWS = YES;
				GENERATE_INFOPLIST_FILE = YES;
				INFOPLIST_KEY_UIApplicationSceneManifest_Generation = YES;
				INFOPLIST_KEY_UIApplicationSupportsIndirectInputEvents = YES;
				INFOPLIST_KEY_UILaunchScreen_Generation = YES;
				INFOPLIST_KEY_UISupportedInterfaceOrientations_iPhone = "UIInterfaceOrientationPortrait UIInterfaceOrientationLandscapeLeft UIInterfaceOrientationLandscapeRight";
				INFOPLIST_KEY_UIUserInterfaceStyle = Automatic;
				LD_RUNPATH_SEARCH_PATHS = (
					"$(inherited)",
					"@executable_path/Frameworks",
				);
				MARKETING_VERSION = 1.0;
				PRODUCT_BUNDLE_IDENTIFIER = com.cardcue.app;
				PRODUCT_NAME = "$(TARGET_NAME)";
				SWIFT_EMIT_LOC_STRINGS = YES;
				SWIFT_VERSION = 5.9;
				TARGETED_DEVICE_FAMILY = 1;
			};
			name = Release;
		};
/* End XCBuildConfiguration section */

/* Begin XCConfigurationList section */
		AA700000 /* Build configuration list for PBXProject "CardMap" */ = {
			isa = XCConfigurationList;
			buildConfigurations = (
				AA800001 /* Debug */,
				AA800002 /* Release */,
			);
			defaultConfigurationIsVisible = 0;
			defaultConfigurationName = Release;
		};
		AA700001 /* Build configuration list for PBXNativeTarget "CardMap" */ = {
			isa = XCConfigurationList;
			buildConfigurations = (
				AA800003 /* Debug */,
				AA800004 /* Release */,
			);
			defaultConfigurationIsVisible = 0;
			defaultConfigurationName = Release;
		};
/* End XCConfigurationList section */

	};
	rootObject = AA500000 /* Project object */;
}
